
Microsoft Visual Studio Solution File, Format Version 12.00
# Visual Studio Version 16
VisualStudioVersion = 16.0.28315.86
MinimumVisualStudioVersion = 10.0.40219.1
Project("{2150E333-8FDC-42A3-9474-1A3956D46DE8}") = "Engine", "Engine", "{9392DF19-BF4F-4246-9023-087DC78631FE}"
EndProject
Project("{2150E333-8FDC-42A3-9474-1A3956D46DE8}") = "Games", "Games", "{D13624F1-4DC2-4BA4-974F-E138E8A0A3E8}"
EndProject
Project("{8BC9CEB8-8B4A-11D0-8D11-00A0C91BC942}") = "BeatWarriorVR", "Intermediate\ProjectFiles\BeatWarriorVR.vcxproj", "{930B8286-D2CE-4ACD-A283-5AFB6774F362}"
EndProject
Project("{8BC9CEB8-8B4A-11D0-8D11-00A0C91BC942}") = "UE4", "Intermediate\ProjectFiles\UE4.vcxproj", "{D0975F4D-1A2A-4CE1-BEA7-A8CBD9D7639F}"
EndProject
Project("{2150E333-8FDC-42A3-9474-1A3956D46DE8}") = "Visualizers", "Visualizers", "{79D1367B-0C06-4486-BCAD-6A53C4CFB529}"
	ProjectSection(SolutionItems) = preProject
		D:\Program Files\Epic Games\UE_4.23\Engine\Extras\VisualStudioDebugging\UE4.natvis = D:\Program Files\Epic Games\UE_4.23\Engine\Extras\VisualStudioDebugging\UE4.natvis
	EndProjectSection
EndProject
Global
	GlobalSection(SolutionConfigurationPlatforms) = preSolution
		DebugGame Editor|HTML5 = DebugGame Editor|HTML5
		DebugGame Editor|Win32 = DebugGame Editor|Win32
		DebugGame Editor|Win64 = DebugGame Editor|Win64
		DebugGame|HTML5 = DebugGame|HTML5
		DebugGame|Win32 = DebugGame|Win32
		DebugGame|Win64 = DebugGame|Win64
		Development Editor|HTML5 = Development Editor|HTML5
		Development Editor|Win32 = Development Editor|Win32
		Development Editor|Win64 = Development Editor|Win64
		Development|HTML5 = Development|HTML5
		Development|Win32 = Development|Win32
		Development|Win64 = Development|Win64
		Shipping|HTML5 = Shipping|HTML5
		Shipping|Win32 = Shipping|Win32
		Shipping|Win64 = Shipping|Win64
	EndGlobalSection
	GlobalSection(ProjectConfigurationPlatforms) = postSolution
		{930B8286-D2CE-4ACD-A283-5AFB6774F362}.DebugGame Editor|HTML5.ActiveCfg = Invalid|Win32
		{930B8286-D2CE-4ACD-A283-5AFB6774F362}.DebugGame Editor|Win32.ActiveCfg = Invalid|Win32
		{930B8286-D2CE-4ACD-A283-5AFB6774F362}.DebugGame Editor|Win64.ActiveCfg = DebugGame_Editor|x64
		{930B8286-D2CE-4ACD-A283-5AFB6774F362}.DebugGame Editor|Win64.Build.0 = DebugGame_Editor|x64
		{930B8286-D2CE-4ACD-A283-5AFB6774F362}.DebugGame|HTML5.ActiveCfg = HTML5_DebugGame|Win32
		{930B8286-D2CE-4ACD-A283-5AFB6774F362}.DebugGame|HTML5.Build.0 = HTML5_DebugGame|Win32
		{930B8286-D2CE-4ACD-A283-5AFB6774F362}.DebugGame|Win32.ActiveCfg = DebugGame|Win32
		{930B8286-D2CE-4ACD-A283-5AFB6774F362}.DebugGame|Win32.Build.0 = DebugGame|Win32
		{930B8286-D2CE-4ACD-A283-5AFB6774F362}.DebugGame|Win64.ActiveCfg = DebugGame|x64
		{930B8286-D2CE-4ACD-A283-5AFB6774F362}.DebugGame|Win64.Build.0 = DebugGame|x64
		{930B8286-D2CE-4ACD-A283-5AFB6774F362}.Development Editor|HTML5.ActiveCfg = Invalid|Win32
		{930B8286-D2CE-4ACD-A283-5AFB6774F362}.Development Editor|Win32.ActiveCfg = Invalid|Win32
		{930B8286-D2CE-4ACD-A283-5AFB6774F362}.Development Editor|Win64.ActiveCfg = Development_Editor|x64
		{930B8286-D2CE-4ACD-A283-5AFB6774F362}.Development Editor|Win64.Build.0 = Development_Editor|x64
		{930B8286-D2CE-4ACD-A283-5AFB6774F362}.Development|HTML5.ActiveCfg = HTML5_Development|Win32
		{930B8286-D2CE-4ACD-A283-5AFB6774F362}.Development|HTML5.Build.0 = HTML5_Development|Win32
		{930B8286-D2CE-4ACD-A283-5AFB6774F362}.Development|Win32.ActiveCfg = Development|Win32
		{930B8286-D2CE-4ACD-A283-5AFB6774F362}.Development|Win32.Build.0 = Development|Win32
		{930B8286-D2CE-4ACD-A283-5AFB6774F362}.Development|Win64.ActiveCfg = Development|x64
		{930B8286-D2CE-4ACD-A283-5AFB6774F362}.Development|Win64.Build.0 = Development|x64
		{930B8286-D2CE-4ACD-A283-5AFB6774F362}.Shipping|HTML5.ActiveCfg = HTML5_Shipping|Win32
		{930B8286-D2CE-4ACD-A283-5AFB6774F362}.Shipping|HTML5.Build.0 = HTML5_Shipping|Win32
		{930B8286-D2CE-4ACD-A283-5AFB6774F362}.Shipping|Win32.ActiveCfg = Shipping|Win32
		{930B8286-D2CE-4ACD-A283-5AFB6774F362}.Shipping|Win32.Build.0 = Shipping|Win32
		{930B8286-D2CE-4ACD-A283-5AFB6774F362}.Shipping|Win64.ActiveCfg = Shipping|x64
		{930B8286-D2CE-4ACD-A283-5AFB6774F362}.Shipping|Win64.Build.0 = Shipping|x64
		{D0975F4D-1A2A-4CE1-BEA7-A8CBD9D7639F}.DebugGame Editor|HTML5.ActiveCfg = BuiltWithUnrealBuildTool|Win32
		{D0975F4D-1A2A-4CE1-BEA7-A8CBD9D7639F}.DebugGame Editor|Win32.ActiveCfg = BuiltWithUnrealBuildTool|Win32
		{D0975F4D-1A2A-4CE1-BEA7-A8CBD9D7639F}.DebugGame Editor|Win64.ActiveCfg = BuiltWithUnrealBuildTool|Win32
		{D0975F4D-1A2A-4CE1-BEA7-A8CBD9D7639F}.DebugGame|HTML5.ActiveCfg = BuiltWithUnrealBuildTool|Win32
		{D0975F4D-1A2A-4CE1-BEA7-A8CBD9D7639F}.DebugGame|Win32.ActiveCfg = BuiltWithUnrealBuildTool|Win32
		{D0975F4D-1A2A-4CE1-BEA7-A8CBD9D7639F}.DebugGame|Win64.ActiveCfg = BuiltWithUnrealBuildTool|Win32
		{D0975F4D-1A2A-4CE1-BEA7-A8CBD9D7639F}.Development Editor|HTML5.ActiveCfg = BuiltWithUnrealBuildTool|Win32
		{D0975F4D-1A2A-4CE1-BEA7-A8CBD9D7639F}.Development Editor|Win32.ActiveCfg = BuiltWithUnrealBuildTool|Win32
		{D0975F4D-1A2A-4CE1-BEA7-A8CBD9D7639F}.Development Editor|Win64.ActiveCfg = BuiltWithUnrealBuildTool|Win32
		{D0975F4D-1A2A-4CE1-BEA7-A8CBD9D7639F}.Development|HTML5.ActiveCfg = BuiltWithUnrealBuildTool|Win32
		{D0975F4D-1A2A-4CE1-BEA7-A8CBD9D7639F}.Development|Win32.ActiveCfg = BuiltWithUnrealBuildTool|Win32
		{D0975F4D-1A2A-4CE1-BEA7-A8CBD9D7639F}.Development|Win64.ActiveCfg = BuiltWithUnrealBuildTool|Win32
		{D0975F4D-1A2A-4CE1-BEA7-A8CBD9D7639F}.Shipping|HTML5.ActiveCfg = BuiltWithUnrealBuildTool|Win32
		{D0975F4D-1A2A-4CE1-BEA7-A8CBD9D7639F}.Shipping|Win32.ActiveCfg = BuiltWithUnrealBuildTool|Win32
		{D0975F4D-1A2A-4CE1-BEA7-A8CBD9D7639F}.Shipping|Win64.ActiveCfg = BuiltWithUnrealBuildTool|Win32
	EndGlobalSection
	GlobalSection(SolutionProperties) = preSolution
		HideSolutionNode = FALSE
	EndGlobalSection
	GlobalSection(NestedProjects) = preSolution
		{D0975F4D-1A2A-4CE1-BEA7-A8CBD9D7639F} = {9392DF19-BF4F-4246-9023-087DC78631FE}
		{930B8286-D2CE-4ACD-A283-5AFB6774F362} = {D13624F1-4DC2-4BA4-974F-E138E8A0A3E8}
	EndGlobalSection
EndGlobal
